
Microsoft Visual Studio Solution File, Format Version 12.00
# Visual Studio Version 17
VisualStudioVersion = 17.8.34511.84
MinimumVisualStudioVersion = 10.0.40219.1
Project("{FAE04EC0-301F-11D3-BF4B-00C04F79EFBC}") = "ChatGpt_Client", "ChatGpt_Client\ChatGpt_Client.csproj", "{5797AFE2-B1E5-4303-AB03-434A98C67227}"
EndProject
Global
	GlobalSection(SolutionConfigurationPlatforms) = preSolution
		Debug|Any CPU = Debug|Any CPU
		Release|Any CPU = Release|Any CPU
	EndGlobalSection
	GlobalSection(ProjectConfigurationPlatforms) = postSolution
		{5797AFE2-B1E5-4303-AB03-434A98C67227}.Debug|Any CPU.ActiveCfg = Debug|Any CPU
		{5797AFE2-B1E5-4303-AB03-434A98C67227}.Debug|Any CPU.Build.0 = Debug|Any CPU
		{5797AFE2-B1E5-4303-AB03-434A98C67227}.Release|Any CPU.ActiveCfg = Release|Any CPU
		{5797AFE2-B1E5-4303-AB03-434A98C67227}.Release|Any CPU.Build.0 = Release|Any CPU
	EndGlobalSection
	GlobalSection(SolutionProperties) = preSolution
		HideSolutionNode = FALSE
	EndGlobalSection
	GlobalSection(ExtensibilityGlobals) = postSolution
		SolutionGuid = {A0AD068C-B3BB-4BEC-9BF8-B6EA22BC11E4}
	EndGlobalSection
EndGlobal
